
Microsoft Visual Studio Solution File, Format Version 12.00
Project("{FAE04EC0-301F-11D3-BF4B-00C04F79EFBC}") = "FSharpInterpreter", "FSharpInterpreter\FSharpInterpreter.csproj", "{1D68030D-C94E-4371-8AB6-5D4DD26FDE33}"
EndProject
Project("{F2A71F9B-5D33-465A-A702-920D77279786}") = "InterpreterLayer", "InterpreterLayer\InterpreterLayer.fsproj", "{F36784FA-AE4A-43FE-921A-EEB5101FD3FE}"
EndProject
Global
	GlobalSection(SolutionConfigurationPlatforms) = preSolution
		Debug|Any CPU = Debug|Any CPU
		Release|Any CPU = Release|Any CPU
	EndGlobalSection
	GlobalSection(ProjectConfigurationPlatforms) = postSolution
		{1D68030D-C94E-4371-8AB6-5D4DD26FDE33}.Debug|Any CPU.ActiveCfg = Debug|Any CPU
		{1D68030D-C94E-4371-8AB6-5D4DD26FDE33}.Debug|Any CPU.Build.0 = Debug|Any CPU
		{1D68030D-C94E-4371-8AB6-5D4DD26FDE33}.Release|Any CPU.ActiveCfg = Release|Any CPU
		{1D68030D-C94E-4371-8AB6-5D4DD26FDE33}.Release|Any CPU.Build.0 = Release|Any CPU
		{F36784FA-AE4A-43FE-921A-EEB5101FD3FE}.Debug|Any CPU.ActiveCfg = Debug|Any CPU
		{F36784FA-AE4A-43FE-921A-EEB5101FD3FE}.Debug|Any CPU.Build.0 = Debug|Any CPU
		{F36784FA-AE4A-43FE-921A-EEB5101FD3FE}.Release|Any CPU.ActiveCfg = Release|Any CPU
		{F36784FA-AE4A-43FE-921A-EEB5101FD3FE}.Release|Any CPU.Build.0 = Release|Any CPU
	EndGlobalSection
EndGlobal
